
Microsoft Visual Studio Solution File, Format Version 12.00
# Visual Studio Version 17
VisualStudioVersion = 17.3.32901.215
MinimumVisualStudioVersion = 10.0.40219.1
Project("{FAE04EC0-301F-11D3-BF4B-00C04F79EFBC}") = "Nepal.Payments.Gateway.Demo", "Nepal.Payments.Gateway.Demo\Nepal.Payments.Gateway.Demo.csproj", "{873DF634-6A2D-4D69-AC0D-CC32ECB75DEA}"
EndProject
Global
	GlobalSection(SolutionConfigurationPlatforms) = preSolution
		Debug|Any CPU = Debug|Any CPU
		Release|Any CPU = Release|Any CPU
	EndGlobalSection
	GlobalSection(ProjectConfigurationPlatforms) = postSolution
		{873DF634-6A2D-4D69-AC0D-CC32ECB75DEA}.Debug|Any CPU.ActiveCfg = Debug|Any CPU
		{873DF634-6A2D-4D69-AC0D-CC32ECB75DEA}.Debug|Any CPU.Build.0 = Debug|Any CPU
		{873DF634-6A2D-4D69-AC0D-CC32ECB75DEA}.Release|Any CPU.ActiveCfg = Release|Any CPU
		{873DF634-6A2D-4D69-AC0D-CC32ECB75DEA}.Release|Any CPU.Build.0 = Release|Any CPU
	EndGlobalSection
	GlobalSection(SolutionProperties) = preSolution
		HideSolutionNode = FALSE
	EndGlobalSection
	GlobalSection(ExtensibilityGlobals) = postSolution
		SolutionGuid = {8AB5BDEA-E43B-40B0-A5F2-C0F4225AE98E}
	EndGlobalSection
EndGlobal
